
Microsoft Visual Studio Solution File, Format Version 12.00
# Visual Studio 15
VisualStudioVersion = 15.0.27703.2042
MinimumVisualStudioVersion = 10.0.40219.1
Project("{FAE04EC0-301F-11D3-BF4B-00C04F79EFBC}") = "MoneyTracker", "MoneyTracker\MoneyTracker.csproj", "{706D09A6-1D1A-4454-AA64-6300CDCC435C}"
EndProject
Global
	GlobalSection(SolutionConfigurationPlatforms) = preSolution
		Debug|Any CPU = Debug|Any CPU
		Release|Any CPU = Release|Any CPU
	EndGlobalSection
	GlobalSection(ProjectConfigurationPlatforms) = postSolution
		{706D09A6-1D1A-4454-AA64-6300CDCC435C}.Debug|Any CPU.ActiveCfg = Debug|Any CPU
		{706D09A6-1D1A-4454-AA64-6300CDCC435C}.Debug|Any CPU.Build.0 = Debug|Any CPU
		{706D09A6-1D1A-4454-AA64-6300CDCC435C}.Release|Any CPU.ActiveCfg = Release|Any CPU
		{706D09A6-1D1A-4454-AA64-6300CDCC435C}.Release|Any CPU.Build.0 = Release|Any CPU
	EndGlobalSection
	GlobalSection(SolutionProperties) = preSolution
		HideSolutionNode = FALSE
	EndGlobalSection
	GlobalSection(ExtensibilityGlobals) = postSolution
		SolutionGuid = {EC0DA062-78C5-4407-A463-7785435A01F7}
	EndGlobalSection
EndGlobal
